
Microsoft Visual Studio Solution File, Format Version 12.00
# Visual Studio Version 16
VisualStudioVersion = 16.0.30320.27
MinimumVisualStudioVersion = 10.0.40219.1
Project("{8BC9CEB8-8B4A-11D0-8D11-00A0C91BC942}") = "krestiki_noliki", "krestiki_noliki\krestiki_noliki.vcxproj", "{A664C285-B821-44A2-A99F-2035E5B21E4E}"
EndProject
Global
	GlobalSection(SolutionConfigurationPlatforms) = preSolution
		Debug|x64 = Debug|x64
		Debug|x86 = Debug|x86
		Release|x64 = Release|x64
		Release|x86 = Release|x86
	EndGlobalSection
	GlobalSection(ProjectConfigurationPlatforms) = postSolution
		{A664C285-B821-44A2-A99F-2035E5B21E4E}.Debug|x64.ActiveCfg = Debug|x64
		{A664C285-B821-44A2-A99F-2035E5B21E4E}.Debug|x64.Build.0 = Debug|x64
		{A664C285-B821-44A2-A99F-2035E5B21E4E}.Debug|x86.ActiveCfg = Debug|Win32
		{A664C285-B821-44A2-A99F-2035E5B21E4E}.Debug|x86.Build.0 = Debug|Win32
		{A664C285-B821-44A2-A99F-2035E5B21E4E}.Release|x64.ActiveCfg = Release|x64
		{A664C285-B821-44A2-A99F-2035E5B21E4E}.Release|x64.Build.0 = Release|x64
		{A664C285-B821-44A2-A99F-2035E5B21E4E}.Release|x86.ActiveCfg = Release|Win32
		{A664C285-B821-44A2-A99F-2035E5B21E4E}.Release|x86.Build.0 = Release|Win32
	EndGlobalSection
	GlobalSection(SolutionProperties) = preSolution
		HideSolutionNode = FALSE
	EndGlobalSection
	GlobalSection(ExtensibilityGlobals) = postSolution
		SolutionGuid = {DF415949-E15A-4119-B40A-8B0314165B9B}
	EndGlobalSection
EndGlobal
